
Microsoft Visual Studio Solution File, Format Version 12.00
# Visual Studio 15
VisualStudioVersion = 15.0.27130.2020
MinimumVisualStudioVersion = 10.0.40219.1
Project("{FAE04EC0-301F-11D3-BF4B-00C04F79EFBC}") = "AzmanAzWebPage", "AzmanAzWebPage\AzmanAzWebPage.csproj", "{BB8E74BA-E054-4B1C-A8E5-23DC0D6AC407}"
EndProject
Global
	GlobalSection(SolutionConfigurationPlatforms) = preSolution
		Debug|Any CPU = Debug|Any CPU
		Release|Any CPU = Release|Any CPU
	EndGlobalSection
	GlobalSection(ProjectConfigurationPlatforms) = postSolution
		{BB8E74BA-E054-4B1C-A8E5-23DC0D6AC407}.Debug|Any CPU.ActiveCfg = Debug|Any CPU
		{BB8E74BA-E054-4B1C-A8E5-23DC0D6AC407}.Debug|Any CPU.Build.0 = Debug|Any CPU
		{BB8E74BA-E054-4B1C-A8E5-23DC0D6AC407}.Release|Any CPU.ActiveCfg = Release|Any CPU
		{BB8E74BA-E054-4B1C-A8E5-23DC0D6AC407}.Release|Any CPU.Build.0 = Release|Any CPU
	EndGlobalSection
	GlobalSection(SolutionProperties) = preSolution
		HideSolutionNode = FALSE
	EndGlobalSection
	GlobalSection(ExtensibilityGlobals) = postSolution
		SolutionGuid = {DF642212-6415-4F3A-8500-11E5DDA0C4AF}
	EndGlobalSection
EndGlobal
